{
  "object": {
    "pins": [
      {
        "package": "NetworkDispatcher",
        "repositoryURL": "https://github.com/ctarda/NetworkDispatcher.git",
        "state": {
          "branch": null,
          "revision": "ac57ae0004f5a4db46eda05eb80d4488c95b02dc",
          "version": "0.0.4"
        }
      }
    ]
  },
  "version": 1
}
